{
  "name": "typescripttemplate",
  "version": "1.0.0",
  "lockfileVersion": 1,
  "requires": true,
  "dependencies": {
    "matrix2x": {
      "version": "1.0.0",
      "resolved": "https://registry.npmjs.org/matrix2x/-/matrix2x-1.0.0.tgz",
      "integrity": "sha1-V/hWBkrszeda+gOwOAnZSeuknqY=",
      "requires": {
        "vectorx": "2.4.0"
      }
    },
    "utilsx": {
      "version": "1.9.0",
      "resolved": "https://registry.npmjs.org/utilsx/-/utilsx-1.9.0.tgz",
      "integrity": "sha512-QSwFMyH26tpTA+qwtoZ02jbVFW5P4LuMmk7d4SRSi3ktE2KXxpYU2Ug0k17qe7GDpkGkkC7lS3bHlVm4X+gYBQ==",
      "requires": {
        "vectorx": "2.4.0"
      }
    },
    "vectorx": {
      "version": "2.4.0",
      "resolved": "https://registry.npmjs.org/vectorx/-/vectorx-2.4.0.tgz",
      "integrity": "sha512-NIpMeZ6pnhM0WeEljEWJgnM7zaI6fWBkGeX+Hj0Y+UvWyj7E3tr9G4nFJVJCVmUqn/mOxeQazsvFU4sN+BIofw=="
    }
  }
}
